
Microsoft Visual Studio Solution File, Format Version 12.00
# Visual Studio Version 16
VisualStudioVersion = 16.0.33801.447
MinimumVisualStudioVersion = 10.0.40219.1
Project("{FAE04EC0-301F-11D3-BF4B-00C04F79EFBC}") = "PW2Prova", "PW2Prova\PW2Prova.csproj", "{F7B2E8EB-AF99-4EBE-B4D7-A6C3E62C3638}"
EndProject
Global
	GlobalSection(SolutionConfigurationPlatforms) = preSolution
		Debug|Any CPU = Debug|Any CPU
		Release|Any CPU = Release|Any CPU
	EndGlobalSection
	GlobalSection(ProjectConfigurationPlatforms) = postSolution
		{F7B2E8EB-AF99-4EBE-B4D7-A6C3E62C3638}.Debug|Any CPU.ActiveCfg = Debug|Any CPU
		{F7B2E8EB-AF99-4EBE-B4D7-A6C3E62C3638}.Debug|Any CPU.Build.0 = Debug|Any CPU
		{F7B2E8EB-AF99-4EBE-B4D7-A6C3E62C3638}.Release|Any CPU.ActiveCfg = Release|Any CPU
		{F7B2E8EB-AF99-4EBE-B4D7-A6C3E62C3638}.Release|Any CPU.Build.0 = Release|Any CPU
	EndGlobalSection
	GlobalSection(SolutionProperties) = preSolution
		HideSolutionNode = FALSE
	EndGlobalSection
	GlobalSection(ExtensibilityGlobals) = postSolution
		SolutionGuid = {54399426-1AD7-46DD-809F-358A7B033FD9}
	EndGlobalSection
EndGlobal
